
Microsoft Visual Studio Solution File, Format Version 12.00
# Visual Studio Version 17
VisualStudioVersion = 17.10.35027.167
MinimumVisualStudioVersion = 10.0.40219.1
Project("{FAE04EC0-301F-11D3-BF4B-00C04F79EFBC}") = "Registro", "Registro.csproj", "{B6A2CEF6-A701-4AC3-9264-B82A0D939205}"
EndProject
Global
	GlobalSection(SolutionConfigurationPlatforms) = preSolution
		Debug|Any CPU = Debug|Any CPU
		Release|Any CPU = Release|Any CPU
	EndGlobalSection
	GlobalSection(ProjectConfigurationPlatforms) = postSolution
		{B6A2CEF6-A701-4AC3-9264-B82A0D939205}.Debug|Any CPU.ActiveCfg = Debug|Any CPU
		{B6A2CEF6-A701-4AC3-9264-B82A0D939205}.Debug|Any CPU.Build.0 = Debug|Any CPU
		{B6A2CEF6-A701-4AC3-9264-B82A0D939205}.Release|Any CPU.ActiveCfg = Release|Any CPU
		{B6A2CEF6-A701-4AC3-9264-B82A0D939205}.Release|Any CPU.Build.0 = Release|Any CPU
	EndGlobalSection
	GlobalSection(SolutionProperties) = preSolution
		HideSolutionNode = FALSE
	EndGlobalSection
	GlobalSection(ExtensibilityGlobals) = postSolution
		SolutionGuid = {17E67BA3-7877-48D5-B911-048B6BDB6824}
	EndGlobalSection
EndGlobal
